dependencies:
- name: aws-ebs-csi-driver
  repository: https://kubernetes-sigs.github.io/aws-ebs-csi-driver
  version: 1.1.0
- name: secrets-store-csi-driver
  repository: https://kubernetes-sigs.github.io/secrets-store-csi-driver/charts
  version: 0.0.23
- name: aws-load-balancer-controller
  repository: https://aws.github.io/eks-charts
  version: 1.4.6
digest: sha256:c700baeed4b2f2b656b0781a46e86194279fc1e06f0dc023578b1a4e1371d904
generated: "2023-01-11T15:24:36.940518Z"
